// !$*UTF8*$!
{
	archiveVersion = 1;
	classes = {
	};
	objectVersion = 77;
	objects = {

/* Begin PBXBuildFile section */
		01C78A0228149E4BFF168174 /* AnyEncodable.swift in Sources */ = {isa = PBXBuildFile; fileRef = F050497F94DC77D2C0901C61 /* AnyEncodable.swift */; };
		046D84FD5CCF2E76B844A5F3 /* APIResponse.swift in Sources */ = {isa = PBXBuildFile; fileRef = 8DE2ACE3215B232F3A001AF7 /* APIResponse.swift */; };
		14F306DD1C995647374CFA6E /* NotificationViewModel.swift in Sources */ = {isa = PBXBuildFile; fileRef = 7E3047A87F30232944A4C56C /* NotificationViewModel.swift */; };
		1D7C6EF59BA0B359CB37D804 /* wotlwedu-config.json in Resources */ = {isa = PBXBuildFile; fileRef = 5BAD4AAC2E6432682D590062 /* wotlwedu-config.json */; };
		1DC8E6D10DB86E8D2A7C1373 /* MainShellView.swift in Sources */ = {isa = PBXBuildFile; fileRef = D7DF558B86492434E5620C73 /* MainShellView.swift */; };
		1DF6F8C5603736CEF81045D7 /* CategoryListView.swift in Sources */ = {isa = PBXBuildFile; fileRef = 5192443342F4CA5065068978 /* CategoryListView.swift */; };
		1E0036717C5BC583FC55D6C3 /* AppConfig.swift in Sources */ = {isa = PBXBuildFile; fileRef = 4C9CCFAEE8D9A03504582253 /* AppConfig.swift */; };
		1E05F8444A0A0D8BD46E85CE /* WotlweduDataService.swift in Sources */ = {isa = PBXBuildFile; fileRef = B1F3D28E7B527FBE5743B554 /* WotlweduDataService.swift */; };
		21B98580C5903D5798569897 /* ElectionListView.swift in Sources */ = {isa = PBXBuildFile; fileRef = EDCC2A8801EB6B64FBF77500 /* ElectionListView.swift */; };
		25B3B20D504A371EDA51A99B /* ListListView.swift in Sources */ = {isa = PBXBuildFile; fileRef = D00E55D429C93451D4CBA142 /* ListListView.swift */; };
		2BB332E4D3B536B51BFF4379 /* Assets.xcassets in Resources */ = {isa = PBXBuildFile; fileRef = 8B2408412244248EF6337E3C /* Assets.xcassets */; };
		2E8C97D8FB4B1B6537AB9777 /* IntegrationTestHelpers.swift in Sources */ = {isa = PBXBuildFile; fileRef = C0780E580F959D329D95C1D7 /* IntegrationTestHelpers.swift */; };
		3A7E737367C45821BBCE9FBD /* WotlweduIOSApp.swift in Sources */ = {isa = PBXBuildFile; fileRef = 757E6C00EDA441BE1BA406B3 /* WotlweduIOSApp.swift */; };
		3DC402E78FA9FD814A757DAD /* WotlweduDomainService.swift in Sources */ = {isa = PBXBuildFile; fileRef = 17E355A06949FD1058B6DA0F /* WotlweduDomainService.swift */; };
		3EA1E253D359314183C37B05 /* WotlweduDomainServiceIntegrationTests.swift in Sources */ = {isa = PBXBuildFile; fileRef = 85A66891BC1520A0813DADAE /* WotlweduDomainServiceIntegrationTests.swift */; };
		43227205272392D10DADE7EF /* GroupListView.swift in Sources */ = {isa = PBXBuildFile; fileRef = 03DEF30C12D93D51D3729D0D /* GroupListView.swift */; };
		AABBCCDD0011223344556677 /* WorkgroupListView.swift in Sources */ = {isa = PBXBuildFile; fileRef = F2C6A1B4D9E0481A9B3C8D1E /* WorkgroupListView.swift */; };
		8899AABBCCDDEEFF00112233 /* OrganizationListView.swift in Sources */ = {isa = PBXBuildFile; fileRef = C1D2E3F4A5B60718293A4B5C /* OrganizationListView.swift */; };
		456C7F44832055F7ACD5467C /* APIClientTests.swift in Sources */ = {isa = PBXBuildFile; fileRef = 0CEAE0441350176CF4AF4580 /* APIClientTests.swift */; };
		4E53CB2D222456EC65AEB807 /* wotlwedu-config.json in Resources */ = {isa = PBXBuildFile; fileRef = 3FDAB23F0FDBBBE22F7179EA /* wotlwedu-config.json */; };
		4FC0AF0F780B0F54ADA28577 /* WotlweduModels.swift in Sources */ = {isa = PBXBuildFile; fileRef = AF6895247D60E5FA00290FFA /* WotlweduModels.swift */; };
		57105E025C9DE88C4094C1B0 /* VotingViewModel.swift in Sources */ = {isa = PBXBuildFile; fileRef = 4C1750C908E2B6823D1CE6F6 /* VotingViewModel.swift */; };
		5D86B0FD11699E983B2744EF /* MultiSelectList.swift in Sources */ = {isa = PBXBuildFile; fileRef = DE50AC282D266B1A2DC45ABA /* MultiSelectList.swift */; };
		5E0F7328DB70A6EA522834F7 /* ImageListView.swift in Sources */ = {isa = PBXBuildFile; fileRef = 6DEC84F13E003F4A9ECA6253 /* ImageListView.swift */; };
		6E0E2895B9DAC90196A5B88C /* MockURLProtocol.swift in Sources */ = {isa = PBXBuildFile; fileRef = 83C5C74F6C8D57D16649D256 /* MockURLProtocol.swift */; };
		8258089B88F72C9B1DC9B6A3 /* VotingView.swift in Sources */ = {isa = PBXBuildFile; fileRef = 5307B09EFE1ACC9BE0265562 /* VotingView.swift */; };
		8776869ADAB7A2D0CE04F8CD /* FriendListView.swift in Sources */ = {isa = PBXBuildFile; fileRef = 97C2F66D18E60D53A49FBFCF /* FriendListView.swift */; };
		8EFD3C4DCDEEA2F2551CB79E /* ConfigLoaderTests.swift in Sources */ = {isa = PBXBuildFile; fileRef = 85970E881055BD9DE7FAE329 /* ConfigLoaderTests.swift */; };
		99A953CDA856B0DB694E60B0 /* ProfileView.swift in Sources */ = {isa = PBXBuildFile; fileRef = 8495970A9CBC41FBA7E31E9F /* ProfileView.swift */; };
		9F49D49829D7E5ADD4923D43 /* RoleListView.swift in Sources */ = {isa = PBXBuildFile; fileRef = E919034606B39AE9030B2750 /* RoleListView.swift */; };
		9FC57B3536494ECAD83E70E2 /* MockURLProtocol.swift in Sources */ = {isa = PBXBuildFile; fileRef = 122EA17E19FE8179B360BBBB /* MockURLProtocol.swift */; };
		A3547F52B0604B262E2BC9DC /* ConfigLoader.swift in Sources */ = {isa = PBXBuildFile; fileRef = D099AB784E580BB9A7FBF67C /* ConfigLoader.swift */; };
		A4550D49E23A0B8B3DC747B4 /* wotlwedu-config.json.template in Resources */ = {isa = PBXBuildFile; fileRef = 4C2765D1C2A0FAC6B53D47CD /* wotlwedu-config.json.template */; };
		A4EC927A6D17C506C0AAC658 /* HomeDashboardView.swift in Sources */ = {isa = PBXBuildFile; fileRef = 1920178CAF2611A88DDC9714 /* HomeDashboardView.swift */; };
		A7DCEFD5F9E0D98CB0875326 /* PagedListViewModel.swift in Sources */ = {isa = PBXBuildFile; fileRef = 42989B935DB30590F0553FDE /* PagedListViewModel.swift */; };
		B500FD1B18544E7030D9C3E6 /* wotlwedu-config.json in Resources */ = {isa = PBXBuildFile; fileRef = 365E58DABF20A8FB41D79DA1 /* wotlwedu-config.json */; };
		BA9AA8CAC55B3E567DFE813C /* NotificationListView.swift in Sources */ = {isa = PBXBuildFile; fileRef = D9CFFD82E9CF197DEA1FF3EA /* NotificationListView.swift */; };
		BE1579C76603D45C652C0FAE /* AppViewModel.swift in Sources */ = {isa = PBXBuildFile; fileRef = F051266CCC9318DF69A45A40 /* AppViewModel.swift */; };
		BE4EF71A1DB02B8C1FDCC7CA /* MediaService.swift in Sources */ = {isa = PBXBuildFile; fileRef = DCB70C1B0E404F64DAADCCAC /* MediaService.swift */; };
		C4F4DB598A57C61CFD49F0FA /* UserListView.swift in Sources */ = {isa = PBXBuildFile; fileRef = 4AFF1249AC586C5CAFF91CAE /* UserListView.swift */; };
		C89B3033E215C726FE86D837 /* AuthService.swift in Sources */ = {isa = PBXBuildFile; fileRef = 74ABB5B9BB7CF92E94494309 /* AuthService.swift */; };
		C8BFE9546EAB391F4EADBF59 /* APIClient.swift in Sources */ = {isa = PBXBuildFile; fileRef = 7B9033600C23AAE877443C31 /* APIClient.swift */; };
		CF2B17042AF45792FC838BA5 /* PreferenceListView.swift in Sources */ = {isa = PBXBuildFile; fileRef = BE4FB81CC01C2212E1097C8A /* PreferenceListView.swift */; };
		DBA93EDC9BC9BDAFA9E7C062 /* SessionStore.swift in Sources */ = {isa = PBXBuildFile; fileRef = 7DE24FC8746E3AA674E79DB3 /* SessionStore.swift */; };
		E7C2A90322EF6F69F1F8F48C /* Binding+Nil.swift in Sources */ = {isa = PBXBuildFile; fileRef = 1CA0D7852FED1D6071E5A4CE /* Binding+Nil.swift */; };
		EFC819CB6D4B137762B2B2AF /* AuthFlowView.swift in Sources */ = {isa = PBXBuildFile; fileRef = C3BB5384AC8085757C2B0B99 /* AuthFlowView.swift */; };
		EFEF05EFC4FD8A83A7129A91 /* SessionStoreTests.swift in Sources */ = {isa = PBXBuildFile; fileRef = 67885BB6411916FB34B66C41 /* SessionStoreTests.swift */; };
		F155299DF3ADC13C9B54B916 /* AppViewModelIntegrationTests.swift in Sources */ = {isa = PBXBuildFile; fileRef = 70FD8F2BCA3EE2DC2F9BF157 /* AppViewModelIntegrationTests.swift */; };
		F23E72A1321FCA6836442EE6 /* ItemListView.swift in Sources */ = {isa = PBXBuildFile; fileRef = A54110815EC1B3626C06841B /* ItemListView.swift */; };
		FBC676356FC8C1E37435DBD7 /* RegisterService.swift in Sources */ = {isa = PBXBuildFile; fileRef = 2D2865DF9378B523400B1B81 /* RegisterService.swift */; };
/* End PBXBuildFile section */

/* Begin PBXContainerItemProxy section */
		61E4769AA12D2D55B269B4A5 /* PBXContainerItemProxy */ = {
			isa = PBXContainerItemProxy;
			containerPortal = 2ABAD78C832BF35814EB445A /* Project object */;
			proxyType = 1;
			remoteGlobalIDString = 264A9AB28EF97CA7DE2619A9;
			remoteInfo = WotlweduIOS;
		};
		BDFF90F6068981CFBE2E9583 /* PBXContainerItemProxy */ = {
			isa = PBXContainerItemProxy;
			containerPortal = 2ABAD78C832BF35814EB445A /* Project object */;
			proxyType = 1;
			remoteGlobalIDString = 264A9AB28EF97CA7DE2619A9;
			remoteInfo = WotlweduIOS;
		};
/* End PBXContainerItemProxy section */

/* Begin PBXFileReference section */
		03DEF30C12D93D51D3729D0D /* GroupListView.swift */ = {isa = PBXFileReference; lastKnownFileType = sourcecode.swift; path = GroupListView.swift; sourceTree = "<group>"; };
		C1D2E3F4A5B60718293A4B5C /* OrganizationListView.swift */ = {isa = PBXFileReference; lastKnownFileType = sourcecode.swift; path = OrganizationListView.swift; sourceTree = "<group>"; };
		F2C6A1B4D9E0481A9B3C8D1E /* WorkgroupListView.swift */ = {isa = PBXFileReference; lastKnownFileType = sourcecode.swift; path = WorkgroupListView.swift; sourceTree = "<group>"; };
		0CEAE0441350176CF4AF4580 /* APIClientTests.swift */ = {isa = PBXFileReference; lastKnownFileType = sourcecode.swift; path = APIClientTests.swift; sourceTree = "<group>"; };
		122EA17E19FE8179B360BBBB /* MockURLProtocol.swift */ = {isa = PBXFileReference; lastKnownFileType = sourcecode.swift; path = MockURLProtocol.swift; sourceTree = "<group>"; };
		17E355A06949FD1058B6DA0F /* WotlweduDomainService.swift */ = {isa = PBXFileReference; lastKnownFileType = sourcecode.swift; path = WotlweduDomainService.swift; sourceTree = "<group>"; };
		1920178CAF2611A88DDC9714 /* HomeDashboardView.swift */ = {isa = PBXFileReference; lastKnownFileType = sourcecode.swift; path = HomeDashboardView.swift; sourceTree = "<group>"; };
		1CA0D7852FED1D6071E5A4CE /* Binding+Nil.swift */ = {isa = PBXFileReference; lastKnownFileType = sourcecode.swift; path = "Binding+Nil.swift"; sourceTree = "<group>"; };
		2D2865DF9378B523400B1B81 /* RegisterService.swift */ = {isa = PBXFileReference; lastKnownFileType = sourcecode.swift; path = RegisterService.swift; sourceTree = "<group>"; };
		365E58DABF20A8FB41D79DA1 /* wotlwedu-config.json */ = {isa = PBXFileReference; lastKnownFileType = text.json; path = "wotlwedu-config.json"; sourceTree = "<group>"; };
		3FDAB23F0FDBBBE22F7179EA /* wotlwedu-config.json */ = {isa = PBXFileReference; lastKnownFileType = text.json; path = "wotlwedu-config.json"; sourceTree = "<group>"; };
		42989B935DB30590F0553FDE /* PagedListViewModel.swift */ = {isa = PBXFileReference; lastKnownFileType = sourcecode.swift; path = PagedListViewModel.swift; sourceTree = "<group>"; };
		474DB4DD896A6D189C88E20F /* WotlweduIOSIntegrationTests.xctest */ = {isa = PBXFileReference; includeInIndex = 0; lastKnownFileType = wrapper.cfbundle; path = WotlweduIOSIntegrationTests.xctest; sourceTree = BUILT_PRODUCTS_DIR; };
		4AFF1249AC586C5CAFF91CAE /* UserListView.swift */ = {isa = PBXFileReference; lastKnownFileType = sourcecode.swift; path = UserListView.swift; sourceTree = "<group>"; };
		4C1750C908E2B6823D1CE6F6 /* VotingViewModel.swift */ = {isa = PBXFileReference; lastKnownFileType = sourcecode.swift; path = VotingViewModel.swift; sourceTree = "<group>"; };
		4C2765D1C2A0FAC6B53D47CD /* wotlwedu-config.json.template */ = {isa = PBXFileReference; path = "wotlwedu-config.json.template"; sourceTree = "<group>"; };
		4C9CCFAEE8D9A03504582253 /* AppConfig.swift */ = {isa = PBXFileReference; lastKnownFileType = sourcecode.swift; path = AppConfig.swift; sourceTree = "<group>"; };
		5192443342F4CA5065068978 /* CategoryListView.swift */ = {isa = PBXFileReference; lastKnownFileType = sourcecode.swift; path = CategoryListView.swift; sourceTree = "<group>"; };
		5307B09EFE1ACC9BE0265562 /* VotingView.swift */ = {isa = PBXFileReference; lastKnownFileType = sourcecode.swift; path = VotingView.swift; sourceTree = "<group>"; };
		5BAD4AAC2E6432682D590062 /* wotlwedu-config.json */ = {isa = PBXFileReference; lastKnownFileType = text.json; path = "wotlwedu-config.json"; sourceTree = "<group>"; };
		67885BB6411916FB34B66C41 /* SessionStoreTests.swift */ = {isa = PBXFileReference; lastKnownFileType = sourcecode.swift; path = SessionStoreTests.swift; sourceTree = "<group>"; };
		6DEC84F13E003F4A9ECA6253 /* ImageListView.swift */ = {isa = PBXFileReference; lastKnownFileType = sourcecode.swift; path = ImageListView.swift; sourceTree = "<group>"; };
		70FD8F2BCA3EE2DC2F9BF157 /* AppViewModelIntegrationTests.swift */ = {isa = PBXFileReference; lastKnownFileType = sourcecode.swift; path = AppViewModelIntegrationTests.swift; sourceTree = "<group>"; };
		74ABB5B9BB7CF92E94494309 /* AuthService.swift */ = {isa = PBXFileReference; lastKnownFileType = sourcecode.swift; path = AuthService.swift; sourceTree = "<group>"; };
		757E6C00EDA441BE1BA406B3 /* WotlweduIOSApp.swift */ = {isa = PBXFileReference; lastKnownFileType = sourcecode.swift; path = WotlweduIOSApp.swift; sourceTree = "<group>"; };
		7B9033600C23AAE877443C31 /* APIClient.swift */ = {isa = PBXFileReference; lastKnownFileType = sourcecode.swift; path = APIClient.swift; sourceTree = "<group>"; };
		7C93DB2E8FC87D6DDB11E2B1 /* WotlweduIOS.app */ = {isa = PBXFileReference; includeInIndex = 0; lastKnownFileType = wrapper.application; path = WotlweduIOS.app; sourceTree = BUILT_PRODUCTS_DIR; };
		7DE24FC8746E3AA674E79DB3 /* SessionStore.swift */ = {isa = PBXFileReference; lastKnownFileType = sourcecode.swift; path = SessionStore.swift; sourceTree = "<group>"; };
		7E3047A87F30232944A4C56C /* NotificationViewModel.swift */ = {isa = PBXFileReference; lastKnownFileType = sourcecode.swift; path = NotificationViewModel.swift; sourceTree = "<group>"; };
		83C5C74F6C8D57D16649D256 /* MockURLProtocol.swift */ = {isa = PBXFileReference; lastKnownFileType = sourcecode.swift; path = MockURLProtocol.swift; sourceTree = "<group>"; };
		8495970A9CBC41FBA7E31E9F /* ProfileView.swift */ = {isa = PBXFileReference; lastKnownFileType = sourcecode.swift; path = ProfileView.swift; sourceTree = "<group>"; };
		85970E881055BD9DE7FAE329 /* ConfigLoaderTests.swift */ = {isa = PBXFileReference; lastKnownFileType = sourcecode.swift; path = ConfigLoaderTests.swift; sourceTree = "<group>"; };
		85A66891BC1520A0813DADAE /* WotlweduDomainServiceIntegrationTests.swift */ = {isa = PBXFileReference; lastKnownFileType = sourcecode.swift; path = WotlweduDomainServiceIntegrationTests.swift; sourceTree = "<group>"; };
		8B2408412244248EF6337E3C /* Assets.xcassets */ = {isa = PBXFileReference; lastKnownFileType = folder.assetcatalog; path = Assets.xcassets; sourceTree = "<group>"; };
		8DE2ACE3215B232F3A001AF7 /* APIResponse.swift */ = {isa = PBXFileReference; lastKnownFileType = sourcecode.swift; path = APIResponse.swift; sourceTree = "<group>"; };
		927B886560B62E3C607D9793 /* Info.plist */ = {isa = PBXFileReference; lastKnownFileType = text.plist; path = Info.plist; sourceTree = "<group>"; };
		97C2F66D18E60D53A49FBFCF /* FriendListView.swift */ = {isa = PBXFileReference; lastKnownFileType = sourcecode.swift; path = FriendListView.swift; sourceTree = "<group>"; };
		A54110815EC1B3626C06841B /* ItemListView.swift */ = {isa = PBXFileReference; lastKnownFileType = sourcecode.swift; path = ItemListView.swift; sourceTree = "<group>"; };
		AF6895247D60E5FA00290FFA /* WotlweduModels.swift */ = {isa = PBXFileReference; lastKnownFileType = sourcecode.swift; path = WotlweduModels.swift; sourceTree = "<group>"; };
		B1F3D28E7B527FBE5743B554 /* WotlweduDataService.swift */ = {isa = PBXFileReference; lastKnownFileType = sourcecode.swift; path = WotlweduDataService.swift; sourceTree = "<group>"; };
		BE4FB81CC01C2212E1097C8A /* PreferenceListView.swift */ = {isa = PBXFileReference; lastKnownFileType = sourcecode.swift; path = PreferenceListView.swift; sourceTree = "<group>"; };
		C0780E580F959D329D95C1D7 /* IntegrationTestHelpers.swift */ = {isa = PBXFileReference; lastKnownFileType = sourcecode.swift; path = IntegrationTestHelpers.swift; sourceTree = "<group>"; };
		C3BB5384AC8085757C2B0B99 /* AuthFlowView.swift */ = {isa = PBXFileReference; lastKnownFileType = sourcecode.swift; path = AuthFlowView.swift; sourceTree = "<group>"; };
		D00E55D429C93451D4CBA142 /* ListListView.swift */ = {isa = PBXFileReference; lastKnownFileType = sourcecode.swift; path = ListListView.swift; sourceTree = "<group>"; };
		D099AB784E580BB9A7FBF67C /* ConfigLoader.swift */ = {isa = PBXFileReference; lastKnownFileType = sourcecode.swift; path = ConfigLoader.swift; sourceTree = "<group>"; };
		D7DF558B86492434E5620C73 /* MainShellView.swift */ = {isa = PBXFileReference; lastKnownFileType = sourcecode.swift; path = MainShellView.swift; sourceTree = "<group>"; };
		D9CFFD82E9CF197DEA1FF3EA /* NotificationListView.swift */ = {isa = PBXFileReference; lastKnownFileType = sourcecode.swift; path = NotificationListView.swift; sourceTree = "<group>"; };
		DCB70C1B0E404F64DAADCCAC /* MediaService.swift */ = {isa = PBXFileReference; lastKnownFileType = sourcecode.swift; path = MediaService.swift; sourceTree = "<group>"; };
		DE50AC282D266B1A2DC45ABA /* MultiSelectList.swift */ = {isa = PBXFileReference; lastKnownFileType = sourcecode.swift; path = MultiSelectList.swift; sourceTree = "<group>"; };
		DECA632179D3CD877E666294 /* WotlweduIOSTests.xctest */ = {isa = PBXFileReference; includeInIndex = 0; lastKnownFileType = wrapper.cfbundle; path = WotlweduIOSTests.xctest; sourceTree = BUILT_PRODUCTS_DIR; };
		E919034606B39AE9030B2750 /* RoleListView.swift */ = {isa = PBXFileReference; lastKnownFileType = sourcecode.swift; path = RoleListView.swift; sourceTree = "<group>"; };
		EDCC2A8801EB6B64FBF77500 /* ElectionListView.swift */ = {isa = PBXFileReference; lastKnownFileType = sourcecode.swift; path = ElectionListView.swift; sourceTree = "<group>"; };
		F050497F94DC77D2C0901C61 /* AnyEncodable.swift */ = {isa = PBXFileReference; lastKnownFileType = sourcecode.swift; path = AnyEncodable.swift; sourceTree = "<group>"; };
		F051266CCC9318DF69A45A40 /* AppViewModel.swift */ = {isa = PBXFileReference; lastKnownFileType = sourcecode.swift; path = AppViewModel.swift; sourceTree = "<group>"; };
/* End PBXFileReference section */

/* Begin PBXGroup section */
		0321F899575773F9BED8814F /* Services */ = {
			isa = PBXGroup;
			children = (
				74ABB5B9BB7CF92E94494309 /* AuthService.swift */,
				D099AB784E580BB9A7FBF67C /* ConfigLoader.swift */,
				DCB70C1B0E404F64DAADCCAC /* MediaService.swift */,
				2D2865DF9378B523400B1B81 /* RegisterService.swift */,
				7DE24FC8746E3AA674E79DB3 /* SessionStore.swift */,
				B1F3D28E7B527FBE5743B554 /* WotlweduDataService.swift */,
				17E355A06949FD1058B6DA0F /* WotlweduDomainService.swift */,
			);
			path = Services;
			sourceTree = "<group>";
		};
		0DE98FDCCEB2C10DEAEFBA69 /* Helpers */ = {
			isa = PBXGroup;
			children = (
				83C5C74F6C8D57D16649D256 /* MockURLProtocol.swift */,
			);
			path = Helpers;
			sourceTree = "<group>";
		};
		2CD093FC0257512AE790A9E6 = {
			isa = PBXGroup;
			children = (
				E3E7BD51FEFA3291DE9FA42A /* WotlweduIOS */,
				F9C41771FAA9D10FC8ECE013 /* WotlweduIOSIntegrationTests */,
				90061C84AB2FFDF0C178EC07 /* WotlweduIOSTests */,
				C528109E0726C3CAA8528DC4 /* Products */,
			);
			sourceTree = "<group>";
		};
		4808D484D64660ED60217DA3 /* Profile */ = {
			isa = PBXGroup;
			children = (
				8495970A9CBC41FBA7E31E9F /* ProfileView.swift */,
			);
			path = Profile;
			sourceTree = "<group>";
		};
		4D94B8E3469290EE4D06DC34 /* Flows */ = {
			isa = PBXGroup;
			children = (
				EDD683C92600C3C8E168A01A /* Auth */,
				D39F93ADD66849ADF59B58B9 /* Main */,
				938A70FEC8D828DD85BFC231 /* Manage */,
				6A83E80703FBA7A8C43F042B /* Notifications */,
				4808D484D64660ED60217DA3 /* Profile */,
				D015F8B454277E0A532D8A15 /* Voting */,
			);
			path = Flows;
			sourceTree = "<group>";
		};
		56778F31CA8B16A45D9CE44B /* Resources */ = {
			isa = PBXGroup;
			children = (
				8B2408412244248EF6337E3C /* Assets.xcassets */,
				927B886560B62E3C607D9793 /* Info.plist */,
				5BAD4AAC2E6432682D590062 /* wotlwedu-config.json */,
				4C2765D1C2A0FAC6B53D47CD /* wotlwedu-config.json.template */,
			);
			path = Resources;
			sourceTree = "<group>";
		};
		6A83E80703FBA7A8C43F042B /* Notifications */ = {
			isa = PBXGroup;
			children = (
				D9CFFD82E9CF197DEA1FF3EA /* NotificationListView.swift */,
			);
			path = Notifications;
			sourceTree = "<group>";
		};
		7572C56C700104892BCC3E23 /* Views */ = {
			isa = PBXGroup;
			children = (
				D282FBA9C8AC75636A645AF9 /* Components */,
				4D94B8E3469290EE4D06DC34 /* Flows */,
			);
			path = Views;
			sourceTree = "<group>";
		};
		7D3F0FCCB6CB911A86206C2A /* Fixtures */ = {
			isa = PBXGroup;
			children = (
				3FDAB23F0FDBBBE22F7179EA /* wotlwedu-config.json */,
			);
			path = Fixtures;
			sourceTree = "<group>";
		};
		90061C84AB2FFDF0C178EC07 /* WotlweduIOSTests */ = {
			isa = PBXGroup;
			children = (
				0CEAE0441350176CF4AF4580 /* APIClientTests.swift */,
				85970E881055BD9DE7FAE329 /* ConfigLoaderTests.swift */,
				67885BB6411916FB34B66C41 /* SessionStoreTests.swift */,
				7D3F0FCCB6CB911A86206C2A /* Fixtures */,
				0DE98FDCCEB2C10DEAEFBA69 /* Helpers */,
			);
			path = WotlweduIOSTests;
			sourceTree = "<group>";
		};
			938A70FEC8D828DD85BFC231 /* Manage */ = {
				isa = PBXGroup;
				children = (
					5192443342F4CA5065068978 /* CategoryListView.swift */,
					EDCC2A8801EB6B64FBF77500 /* ElectionListView.swift */,
					97C2F66D18E60D53A49FBFCF /* FriendListView.swift */,
					03DEF30C12D93D51D3729D0D /* GroupListView.swift */,
					6DEC84F13E003F4A9ECA6253 /* ImageListView.swift */,
					A54110815EC1B3626C06841B /* ItemListView.swift */,
					D00E55D429C93451D4CBA142 /* ListListView.swift */,
					C1D2E3F4A5B60718293A4B5C /* OrganizationListView.swift */,
					BE4FB81CC01C2212E1097C8A /* PreferenceListView.swift */,
					E919034606B39AE9030B2750 /* RoleListView.swift */,
					4AFF1249AC586C5CAFF91CAE /* UserListView.swift */,
					F2C6A1B4D9E0481A9B3C8D1E /* WorkgroupListView.swift */,
				);
				path = Manage;
				sourceTree = "<group>";
			};
		B04B2B689C89EC6250446E26 /* Fixtures */ = {
			isa = PBXGroup;
			children = (
				365E58DABF20A8FB41D79DA1 /* wotlwedu-config.json */,
			);
			path = Fixtures;
			sourceTree = "<group>";
		};
		C528109E0726C3CAA8528DC4 /* Products */ = {
			isa = PBXGroup;
			children = (
				7C93DB2E8FC87D6DDB11E2B1 /* WotlweduIOS.app */,
				474DB4DD896A6D189C88E20F /* WotlweduIOSIntegrationTests.xctest */,
				DECA632179D3CD877E666294 /* WotlweduIOSTests.xctest */,
			);
			name = Products;
			sourceTree = "<group>";
		};
		D015F8B454277E0A532D8A15 /* Voting */ = {
			isa = PBXGroup;
			children = (
				5307B09EFE1ACC9BE0265562 /* VotingView.swift */,
			);
			path = Voting;
			sourceTree = "<group>";
		};
		D282FBA9C8AC75636A645AF9 /* Components */ = {
			isa = PBXGroup;
			children = (
				1CA0D7852FED1D6071E5A4CE /* Binding+Nil.swift */,
				DE50AC282D266B1A2DC45ABA /* MultiSelectList.swift */,
			);
			path = Components;
			sourceTree = "<group>";
		};
		D39F93ADD66849ADF59B58B9 /* Main */ = {
			isa = PBXGroup;
			children = (
				1920178CAF2611A88DDC9714 /* HomeDashboardView.swift */,
				D7DF558B86492434E5620C73 /* MainShellView.swift */,
			);
			path = Main;
			sourceTree = "<group>";
		};
		D70C3F2B562E3F13E3FD3B29 /* ViewModels */ = {
			isa = PBXGroup;
			children = (
				F051266CCC9318DF69A45A40 /* AppViewModel.swift */,
				7E3047A87F30232944A4C56C /* NotificationViewModel.swift */,
				42989B935DB30590F0553FDE /* PagedListViewModel.swift */,
				4C1750C908E2B6823D1CE6F6 /* VotingViewModel.swift */,
			);
			path = ViewModels;
			sourceTree = "<group>";
		};
		E376426623C8B82EAFFFEDBD /* Models */ = {
			isa = PBXGroup;
			children = (
				F050497F94DC77D2C0901C61 /* AnyEncodable.swift */,
				8DE2ACE3215B232F3A001AF7 /* APIResponse.swift */,
				4C9CCFAEE8D9A03504582253 /* AppConfig.swift */,
				AF6895247D60E5FA00290FFA /* WotlweduModels.swift */,
			);
			path = Models;
			sourceTree = "<group>";
		};
		E3A59EF824E3980764F02B10 /* Helpers */ = {
			isa = PBXGroup;
			children = (
				C0780E580F959D329D95C1D7 /* IntegrationTestHelpers.swift */,
				122EA17E19FE8179B360BBBB /* MockURLProtocol.swift */,
			);
			path = Helpers;
			sourceTree = "<group>";
		};
		E3E7BD51FEFA3291DE9FA42A /* WotlweduIOS */ = {
			isa = PBXGroup;
			children = (
				757E6C00EDA441BE1BA406B3 /* WotlweduIOSApp.swift */,
				E376426623C8B82EAFFFEDBD /* Models */,
				F39350271F59609FFE72ACD8 /* Networking */,
				56778F31CA8B16A45D9CE44B /* Resources */,
				0321F899575773F9BED8814F /* Services */,
				D70C3F2B562E3F13E3FD3B29 /* ViewModels */,
				7572C56C700104892BCC3E23 /* Views */,
			);
			path = WotlweduIOS;
			sourceTree = "<group>";
		};
		EDD683C92600C3C8E168A01A /* Auth */ = {
			isa = PBXGroup;
			children = (
				C3BB5384AC8085757C2B0B99 /* AuthFlowView.swift */,
			);
			path = Auth;
			sourceTree = "<group>";
		};
		F39350271F59609FFE72ACD8 /* Networking */ = {
			isa = PBXGroup;
			children = (
				7B9033600C23AAE877443C31 /* APIClient.swift */,
			);
			path = Networking;
			sourceTree = "<group>";
		};
		F9C41771FAA9D10FC8ECE013 /* WotlweduIOSIntegrationTests */ = {
			isa = PBXGroup;
			children = (
				70FD8F2BCA3EE2DC2F9BF157 /* AppViewModelIntegrationTests.swift */,
				85A66891BC1520A0813DADAE /* WotlweduDomainServiceIntegrationTests.swift */,
				B04B2B689C89EC6250446E26 /* Fixtures */,
				E3A59EF824E3980764F02B10 /* Helpers */,
			);
			path = WotlweduIOSIntegrationTests;
			sourceTree = "<group>";
		};
/* End PBXGroup section */

/* Begin PBXNativeTarget section */
		1CDFC65EFD428D7B01AD894A /* WotlweduIOSIntegrationTests */ = {
			isa = PBXNativeTarget;
			buildConfigurationList = 378DD911C0E8EF7932E6B771 /* Build configuration list for PBXNativeTarget "WotlweduIOSIntegrationTests" */;
			buildPhases = (
				E154A2EB0CC311180E172D13 /* Sources */,
				EFED078423F466E3D5BF25B2 /* Resources */,
			);
			buildRules = (
			);
			dependencies = (
				4AD64756CD5E68E152E65F0D /* PBXTargetDependency */,
			);
			name = WotlweduIOSIntegrationTests;
			packageProductDependencies = (
			);
			productName = WotlweduIOSIntegrationTests;
			productReference = 474DB4DD896A6D189C88E20F /* WotlweduIOSIntegrationTests.xctest */;
			productType = "com.apple.product-type.bundle.unit-test";
		};
		264A9AB28EF97CA7DE2619A9 /* WotlweduIOS */ = {
			isa = PBXNativeTarget;
			buildConfigurationList = D8EF8A0060A25823E19A1764 /* Build configuration list for PBXNativeTarget "WotlweduIOS" */;
			buildPhases = (
				513CE814452BF90012EB9B8C /* Sources */,
				87D4A7862BB5C7E4E3AFC6C5 /* Resources */,
			);
			buildRules = (
			);
			dependencies = (
			);
			name = WotlweduIOS;
			packageProductDependencies = (
			);
			productName = WotlweduIOS;
			productReference = 7C93DB2E8FC87D6DDB11E2B1 /* WotlweduIOS.app */;
			productType = "com.apple.product-type.application";
		};
		BB10EE9E7975A066E773A0B4 /* WotlweduIOSTests */ = {
			isa = PBXNativeTarget;
			buildConfigurationList = D96B399AC8DA9A0581B8E4F0 /* Build configuration list for PBXNativeTarget "WotlweduIOSTests" */;
			buildPhases = (
				7724825320930CF156A9C9AB /* Sources */,
				393A1E08F31058B8CCA1375A /* Resources */,
			);
			buildRules = (
			);
			dependencies = (
				86CF47012834567DE329BEBE /* PBXTargetDependency */,
			);
			name = WotlweduIOSTests;
			packageProductDependencies = (
			);
			productName = WotlweduIOSTests;
			productReference = DECA632179D3CD877E666294 /* WotlweduIOSTests.xctest */;
			productType = "com.apple.product-type.bundle.unit-test";
		};
/* End PBXNativeTarget section */

/* Begin PBXProject section */
		2ABAD78C832BF35814EB445A /* Project object */ = {
			isa = PBXProject;
			attributes = {
				BuildIndependentTargetsInParallel = YES;
				LastUpgradeCheck = 1430;
			};
			buildConfigurationList = 9AD04F093900FC2637312A7B /* Build configuration list for PBXProject "WotlweduIOS" */;
			compatibilityVersion = "Xcode 14.0";
			developmentRegion = en;
			hasScannedForEncodings = 0;
			knownRegions = (
				Base,
				en,
			);
			mainGroup = 2CD093FC0257512AE790A9E6;
			minimizedProjectReferenceProxies = 1;
			preferredProjectObjectVersion = 77;
			projectDirPath = "";
			projectRoot = "";
			targets = (
				264A9AB28EF97CA7DE2619A9 /* WotlweduIOS */,
				1CDFC65EFD428D7B01AD894A /* WotlweduIOSIntegrationTests */,
				BB10EE9E7975A066E773A0B4 /* WotlweduIOSTests */,
			);
		};
/* End PBXProject section */

/* Begin PBXResourcesBuildPhase section */
		393A1E08F31058B8CCA1375A /* Resources */ = {
			isa = PBXResourcesBuildPhase;
			buildActionMask = 2147483647;
			files = (
				4E53CB2D222456EC65AEB807 /* wotlwedu-config.json in Resources */,
			);
			runOnlyForDeploymentPostprocessing = 0;
		};
		87D4A7862BB5C7E4E3AFC6C5 /* Resources */ = {
			isa = PBXResourcesBuildPhase;
			buildActionMask = 2147483647;
			files = (
				2BB332E4D3B536B51BFF4379 /* Assets.xcassets in Resources */,
				1D7C6EF59BA0B359CB37D804 /* wotlwedu-config.json in Resources */,
				A4550D49E23A0B8B3DC747B4 /* wotlwedu-config.json.template in Resources */,
			);
			runOnlyForDeploymentPostprocessing = 0;
		};
		EFED078423F466E3D5BF25B2 /* Resources */ = {
			isa = PBXResourcesBuildPhase;
			buildActionMask = 2147483647;
			files = (
				B500FD1B18544E7030D9C3E6 /* wotlwedu-config.json in Resources */,
			);
			runOnlyForDeploymentPostprocessing = 0;
		};
/* End PBXResourcesBuildPhase section */

/* Begin PBXSourcesBuildPhase section */
			513CE814452BF90012EB9B8C /* Sources */ = {
				isa = PBXSourcesBuildPhase;
				buildActionMask = 2147483647;
				files = (
				C8BFE9546EAB391F4EADBF59 /* APIClient.swift in Sources */,
				046D84FD5CCF2E76B844A5F3 /* APIResponse.swift in Sources */,
				01C78A0228149E4BFF168174 /* AnyEncodable.swift in Sources */,
				1E0036717C5BC583FC55D6C3 /* AppConfig.swift in Sources */,
				BE1579C76603D45C652C0FAE /* AppViewModel.swift in Sources */,
				EFC819CB6D4B137762B2B2AF /* AuthFlowView.swift in Sources */,
				C89B3033E215C726FE86D837 /* AuthService.swift in Sources */,
				E7C2A90322EF6F69F1F8F48C /* Binding+Nil.swift in Sources */,
				1DF6F8C5603736CEF81045D7 /* CategoryListView.swift in Sources */,
				A3547F52B0604B262E2BC9DC /* ConfigLoader.swift in Sources */,
				21B98580C5903D5798569897 /* ElectionListView.swift in Sources */,
					8776869ADAB7A2D0CE04F8CD /* FriendListView.swift in Sources */,
					43227205272392D10DADE7EF /* GroupListView.swift in Sources */,
					A4EC927A6D17C506C0AAC658 /* HomeDashboardView.swift in Sources */,
					5E0F7328DB70A6EA522834F7 /* ImageListView.swift in Sources */,
					F23E72A1321FCA6836442EE6 /* ItemListView.swift in Sources */,
					25B3B20D504A371EDA51A99B /* ListListView.swift in Sources */,
					1DC8E6D10DB86E8D2A7C1373 /* MainShellView.swift in Sources */,
					BE4EF71A1DB02B8C1FDCC7CA /* MediaService.swift in Sources */,
					5D86B0FD11699E983B2744EF /* MultiSelectList.swift in Sources */,
					BA9AA8CAC55B3E567DFE813C /* NotificationListView.swift in Sources */,
					8899AABBCCDDEEFF00112233 /* OrganizationListView.swift in Sources */,
					14F306DD1C995647374CFA6E /* NotificationViewModel.swift in Sources */,
					A7DCEFD5F9E0D98CB0875326 /* PagedListViewModel.swift in Sources */,
					CF2B17042AF45792FC838BA5 /* PreferenceListView.swift in Sources */,
					99A953CDA856B0DB694E60B0 /* ProfileView.swift in Sources */,
					FBC676356FC8C1E37435DBD7 /* RegisterService.swift in Sources */,
					9F49D49829D7E5ADD4923D43 /* RoleListView.swift in Sources */,
					DBA93EDC9BC9BDAFA9E7C062 /* SessionStore.swift in Sources */,
					C4F4DB598A57C61CFD49F0FA /* UserListView.swift in Sources */,
					8258089B88F72C9B1DC9B6A3 /* VotingView.swift in Sources */,
					57105E025C9DE88C4094C1B0 /* VotingViewModel.swift in Sources */,
					AABBCCDD0011223344556677 /* WorkgroupListView.swift in Sources */,
					1E05F8444A0A0D8BD46E85CE /* WotlweduDataService.swift in Sources */,
					3DC402E78FA9FD814A757DAD /* WotlweduDomainService.swift in Sources */,
					3A7E737367C45821BBCE9FBD /* WotlweduIOSApp.swift in Sources */,
					4FC0AF0F780B0F54ADA28577 /* WotlweduModels.swift in Sources */,
				);
				runOnlyForDeploymentPostprocessing = 0;
			};
		7724825320930CF156A9C9AB /* Sources */ = {
			isa = PBXSourcesBuildPhase;
			buildActionMask = 2147483647;
			files = (
				456C7F44832055F7ACD5467C /* APIClientTests.swift in Sources */,
				8EFD3C4DCDEEA2F2551CB79E /* ConfigLoaderTests.swift in Sources */,
				6E0E2895B9DAC90196A5B88C /* MockURLProtocol.swift in Sources */,
				EFEF05EFC4FD8A83A7129A91 /* SessionStoreTests.swift in Sources */,
			);
			runOnlyForDeploymentPostprocessing = 0;
		};
		E154A2EB0CC311180E172D13 /* Sources */ = {
			isa = PBXSourcesBuildPhase;
			buildActionMask = 2147483647;
			files = (
				F155299DF3ADC13C9B54B916 /* AppViewModelIntegrationTests.swift in Sources */,
				2E8C97D8FB4B1B6537AB9777 /* IntegrationTestHelpers.swift in Sources */,
				9FC57B3536494ECAD83E70E2 /* MockURLProtocol.swift in Sources */,
				3EA1E253D359314183C37B05 /* WotlweduDomainServiceIntegrationTests.swift in Sources */,
			);
			runOnlyForDeploymentPostprocessing = 0;
		};
/* End PBXSourcesBuildPhase section */

/* Begin PBXTargetDependency section */
		4AD64756CD5E68E152E65F0D /* PBXTargetDependency */ = {
			isa = PBXTargetDependency;
			target = 264A9AB28EF97CA7DE2619A9 /* WotlweduIOS */;
			targetProxy = 61E4769AA12D2D55B269B4A5 /* PBXContainerItemProxy */;
		};
		86CF47012834567DE329BEBE /* PBXTargetDependency */ = {
			isa = PBXTargetDependency;
			target = 264A9AB28EF97CA7DE2619A9 /* WotlweduIOS */;
			targetProxy = BDFF90F6068981CFBE2E9583 /* PBXContainerItemProxy */;
		};
/* End PBXTargetDependency section */

/* Begin XCBuildConfiguration section */
		09503C8C927AD7468782BC64 /* Release */ = {
			isa = XCBuildConfiguration;
			buildSettings = {
				ASSETCATALOG_COMPILER_APPICON_NAME = AppIcon;
				CODE_SIGN_IDENTITY = "iPhone Developer";
				INFOPLIST_FILE = WotlweduIOS/Resources/Info.plist;
				LD_RUNPATH_SEARCH_PATHS = (
					"$(inherited)",
					"@executable_path/Frameworks",
				);
				PRODUCT_NAME = Wotlwedu;
				SDKROOT = iphoneos;
				TARGETED_DEVICE_FAMILY = "1,2";
			};
			name = Release;
		};
		3F3D46DE2D88445AE36511BA /* Release */ = {
			isa = XCBuildConfiguration;
			buildSettings = {
				ALWAYS_SEARCH_USER_PATHS = NO;
				CLANG_ANALYZER_NONNULL = YES;
				CLANG_ANALYZER_NUMBER_OBJECT_CONVERSION = YES_AGGRESSIVE;
				CLANG_CXX_LANGUAGE_STANDARD = "gnu++14";
				CLANG_CXX_LIBRARY = "libc++";
				CLANG_ENABLE_MODULES = YES;
				CLANG_ENABLE_OBJC_ARC = YES;
				CLANG_ENABLE_OBJC_WEAK = YES;
				CLANG_WARN_BLOCK_CAPTURE_AUTORELEASING = YES;
				CLANG_WARN_BOOL_CONVERSION = YES;
				CLANG_WARN_COMMA = YES;
				CLANG_WARN_CONSTANT_CONVERSION = YES;
				CLANG_WARN_DEPRECATED_OBJC_IMPLEMENTATIONS = YES;
				CLANG_WARN_DIRECT_OBJC_ISA_USAGE = YES_ERROR;
				CLANG_WARN_DOCUMENTATION_COMMENTS = YES;
				CLANG_WARN_EMPTY_BODY = YES;
				CLANG_WARN_ENUM_CONVERSION = YES;
				CLANG_WARN_INFINITE_RECURSION = YES;
				CLANG_WARN_INT_CONVERSION = YES;
				CLANG_WARN_NON_LITERAL_NULL_CONVERSION = YES;
				CLANG_WARN_OBJC_IMPLICIT_RETAIN_SELF = YES;
				CLANG_WARN_OBJC_LITERAL_CONVERSION = YES;
				CLANG_WARN_OBJC_ROOT_CLASS = YES_ERROR;
				CLANG_WARN_QUOTED_INCLUDE_IN_FRAMEWORK_HEADER = YES;
				CLANG_WARN_RANGE_LOOP_ANALYSIS = YES;
				CLANG_WARN_STRICT_PROTOTYPES = YES;
				CLANG_WARN_SUSPICIOUS_MOVE = YES;
				CLANG_WARN_UNGUARDED_AVAILABILITY = YES_AGGRESSIVE;
				CLANG_WARN_UNREACHABLE_CODE = YES;
				CLANG_WARN__DUPLICATE_METHOD_MATCH = YES;
				COPY_PHASE_STRIP = NO;
				DEBUG_INFORMATION_FORMAT = "dwarf-with-dsym";
				ENABLE_NS_ASSERTIONS = NO;
				ENABLE_STRICT_OBJC_MSGSEND = YES;
				GCC_C_LANGUAGE_STANDARD = gnu11;
				GCC_NO_COMMON_BLOCKS = YES;
				GCC_WARN_64_TO_32_BIT_CONVERSION = YES;
				GCC_WARN_ABOUT_RETURN_TYPE = YES_ERROR;
				GCC_WARN_UNDECLARED_SELECTOR = YES;
				GCC_WARN_UNINITIALIZED_AUTOS = YES_AGGRESSIVE;
				GCC_WARN_UNUSED_FUNCTION = YES;
				GCC_WARN_UNUSED_VARIABLE = YES;
				INFOPLIST_FILE = WotlweduIOS/Resources/Info.plist;
				IPHONEOS_DEPLOYMENT_TARGET = 16.0;
				MTL_ENABLE_DEBUG_INFO = NO;
				MTL_FAST_MATH = YES;
				PRODUCT_BUNDLE_IDENTIFIER = com.wotlwedu.mobile;
				PRODUCT_NAME = "$(TARGET_NAME)";
				SDKROOT = iphoneos;
				SWIFT_COMPILATION_MODE = wholemodule;
				SWIFT_OPTIMIZATION_LEVEL = "-O";
				SWIFT_VERSION = 5.9;
				TARGETED_DEVICE_FAMILY = "1,2";
			};
			name = Release;
		};
		40342E011E071DE95744BECE /* Debug */ = {
			isa = XCBuildConfiguration;
			buildSettings = {
				ALWAYS_SEARCH_USER_PATHS = NO;
				CLANG_ANALYZER_NONNULL = YES;
				CLANG_ANALYZER_NUMBER_OBJECT_CONVERSION = YES_AGGRESSIVE;
				CLANG_CXX_LANGUAGE_STANDARD = "gnu++14";
				CLANG_CXX_LIBRARY = "libc++";
				CLANG_ENABLE_MODULES = YES;
				CLANG_ENABLE_OBJC_ARC = YES;
				CLANG_ENABLE_OBJC_WEAK = YES;
				CLANG_WARN_BLOCK_CAPTURE_AUTORELEASING = YES;
				CLANG_WARN_BOOL_CONVERSION = YES;
				CLANG_WARN_COMMA = YES;
				CLANG_WARN_CONSTANT_CONVERSION = YES;
				CLANG_WARN_DEPRECATED_OBJC_IMPLEMENTATIONS = YES;
				CLANG_WARN_DIRECT_OBJC_ISA_USAGE = YES_ERROR;
				CLANG_WARN_DOCUMENTATION_COMMENTS = YES;
				CLANG_WARN_EMPTY_BODY = YES;
				CLANG_WARN_ENUM_CONVERSION = YES;
				CLANG_WARN_INFINITE_RECURSION = YES;
				CLANG_WARN_INT_CONVERSION = YES;
				CLANG_WARN_NON_LITERAL_NULL_CONVERSION = YES;
				CLANG_WARN_OBJC_IMPLICIT_RETAIN_SELF = YES;
				CLANG_WARN_OBJC_LITERAL_CONVERSION = YES;
				CLANG_WARN_OBJC_ROOT_CLASS = YES_ERROR;
				CLANG_WARN_QUOTED_INCLUDE_IN_FRAMEWORK_HEADER = YES;
				CLANG_WARN_RANGE_LOOP_ANALYSIS = YES;
				CLANG_WARN_STRICT_PROTOTYPES = YES;
				CLANG_WARN_SUSPICIOUS_MOVE = YES;
				CLANG_WARN_UNGUARDED_AVAILABILITY = YES_AGGRESSIVE;
				CLANG_WARN_UNREACHABLE_CODE = YES;
				CLANG_WARN__DUPLICATE_METHOD_MATCH = YES;
				COPY_PHASE_STRIP = NO;
				DEBUG_INFORMATION_FORMAT = dwarf;
				ENABLE_STRICT_OBJC_MSGSEND = YES;
				ENABLE_TESTABILITY = YES;
				GCC_C_LANGUAGE_STANDARD = gnu11;
				GCC_DYNAMIC_NO_PIC = NO;
				GCC_NO_COMMON_BLOCKS = YES;
				GCC_OPTIMIZATION_LEVEL = 0;
				GCC_PREPROCESSOR_DEFINITIONS = (
					"$(inherited)",
					"DEBUG=1",
				);
				GCC_WARN_64_TO_32_BIT_CONVERSION = YES;
				GCC_WARN_ABOUT_RETURN_TYPE = YES_ERROR;
				GCC_WARN_UNDECLARED_SELECTOR = YES;
				GCC_WARN_UNINITIALIZED_AUTOS = YES_AGGRESSIVE;
				GCC_WARN_UNUSED_FUNCTION = YES;
				GCC_WARN_UNUSED_VARIABLE = YES;
				INFOPLIST_FILE = WotlweduIOS/Resources/Info.plist;
				IPHONEOS_DEPLOYMENT_TARGET = 16.0;
				MTL_ENABLE_DEBUG_INFO = INCLUDE_SOURCE;
				MTL_FAST_MATH = YES;
				ONLY_ACTIVE_ARCH = YES;
				PRODUCT_BUNDLE_IDENTIFIER = com.wotlwedu.mobile;
				PRODUCT_NAME = "$(TARGET_NAME)";
				SDKROOT = iphoneos;
				SWIFT_ACTIVE_COMPILATION_CONDITIONS = DEBUG;
				SWIFT_OPTIMIZATION_LEVEL = "-Onone";
				SWIFT_VERSION = 5.9;
				TARGETED_DEVICE_FAMILY = "1,2";
			};
			name = Debug;
		};
		454A237443DDD9B0F0A77494 /* Debug */ = {
			isa = XCBuildConfiguration;
			buildSettings = {
				BUNDLE_LOADER = "$(TEST_HOST)";
				LD_RUNPATH_SEARCH_PATHS = (
					"$(inherited)",
					"@executable_path/Frameworks",
					"@loader_path/Frameworks",
				);
				SDKROOT = iphoneos;
				TARGETED_DEVICE_FAMILY = "1,2";
				TEST_HOST = "$(BUILT_PRODUCTS_DIR)/WotlweduIOS.app/WotlweduIOS";
			};
			name = Debug;
		};
		8D168431DF1005758A9E7021 /* Debug */ = {
			isa = XCBuildConfiguration;
			buildSettings = {
				BUNDLE_LOADER = "$(TEST_HOST)";
				LD_RUNPATH_SEARCH_PATHS = (
					"$(inherited)",
					"@executable_path/Frameworks",
					"@loader_path/Frameworks",
				);
				SDKROOT = iphoneos;
				TARGETED_DEVICE_FAMILY = "1,2";
				TEST_HOST = "$(BUILT_PRODUCTS_DIR)/WotlweduIOS.app/WotlweduIOS";
			};
			name = Debug;
		};
		A0D33F6B9A16B106F83C1FBA /* Release */ = {
			isa = XCBuildConfiguration;
			buildSettings = {
				BUNDLE_LOADER = "$(TEST_HOST)";
				LD_RUNPATH_SEARCH_PATHS = (
					"$(inherited)",
					"@executable_path/Frameworks",
					"@loader_path/Frameworks",
				);
				SDKROOT = iphoneos;
				TARGETED_DEVICE_FAMILY = "1,2";
				TEST_HOST = "$(BUILT_PRODUCTS_DIR)/WotlweduIOS.app/WotlweduIOS";
			};
			name = Release;
		};
		B9955D1B3A20C49B42924BD3 /* Debug */ = {
			isa = XCBuildConfiguration;
			buildSettings = {
				ASSETCATALOG_COMPILER_APPICON_NAME = AppIcon;
				CODE_SIGN_IDENTITY = "iPhone Developer";
				INFOPLIST_FILE = WotlweduIOS/Resources/Info.plist;
				LD_RUNPATH_SEARCH_PATHS = (
					"$(inherited)",
					"@executable_path/Frameworks",
				);
				PRODUCT_NAME = Wotlwedu;
				SDKROOT = iphoneos;
				TARGETED_DEVICE_FAMILY = "1,2";
			};
			name = Debug;
		};
		F8B1B8A9CF787195BC65C11F /* Release */ = {
			isa = XCBuildConfiguration;
			buildSettings = {
				BUNDLE_LOADER = "$(TEST_HOST)";
				LD_RUNPATH_SEARCH_PATHS = (
					"$(inherited)",
					"@executable_path/Frameworks",
					"@loader_path/Frameworks",
				);
				SDKROOT = iphoneos;
				TARGETED_DEVICE_FAMILY = "1,2";
				TEST_HOST = "$(BUILT_PRODUCTS_DIR)/WotlweduIOS.app/WotlweduIOS";
			};
			name = Release;
		};
/* End XCBuildConfiguration section */

/* Begin XCConfigurationList section */
		378DD911C0E8EF7932E6B771 /* Build configuration list for PBXNativeTarget "WotlweduIOSIntegrationTests" */ = {
			isa = XCConfigurationList;
			buildConfigurations = (
				8D168431DF1005758A9E7021 /* Debug */,
				A0D33F6B9A16B106F83C1FBA /* Release */,
			);
			defaultConfigurationIsVisible = 0;
			defaultConfigurationName = Debug;
		};
		9AD04F093900FC2637312A7B /* Build configuration list for PBXProject "WotlweduIOS" */ = {
			isa = XCConfigurationList;
			buildConfigurations = (
				40342E011E071DE95744BECE /* Debug */,
				3F3D46DE2D88445AE36511BA /* Release */,
			);
			defaultConfigurationIsVisible = 0;
			defaultConfigurationName = Debug;
		};
		D8EF8A0060A25823E19A1764 /* Build configuration list for PBXNativeTarget "WotlweduIOS" */ = {
			isa = XCConfigurationList;
			buildConfigurations = (
				B9955D1B3A20C49B42924BD3 /* Debug */,
				09503C8C927AD7468782BC64 /* Release */,
			);
			defaultConfigurationIsVisible = 0;
			defaultConfigurationName = Debug;
		};
		D96B399AC8DA9A0581B8E4F0 /* Build configuration list for PBXNativeTarget "WotlweduIOSTests" */ = {
			isa = XCConfigurationList;
			buildConfigurations = (
				454A237443DDD9B0F0A77494 /* Debug */,
				F8B1B8A9CF787195BC65C11F /* Release */,
			);
			defaultConfigurationIsVisible = 0;
			defaultConfigurationName = Debug;
		};
/* End XCConfigurationList section */
	};
	rootObject = 2ABAD78C832BF35814EB445A /* Project object */;
}
